// !$*UTF8*$!
{
	archiveVersion = 1;
	classes = {
	};
	objectVersion = 46;
	objects = {

/* Begin PBXBuildFile section */
		D1DEEEBD1B71438D00A5F6F3 /* ViewController1.m in Sources */ = {isa = PBXBuildFile; fileRef = D1DEEEBC1B71438D00A5F6F3 /* ViewController1.m */; };
		D1DEEEC01B714B9200A5F6F3 /* Main.storyboard in Resources */ = {isa = PBXBuildFile; fileRef = D1DEEEBE1B714B9200A5F6F3 /* Main.storyboard */; };
		D1EF5DB41B701E420082F11D /* main.m in Sources */ = {isa = PBXBuildFile; fileRef = D1EF5DB31B701E420082F11D /* main.m */; };
		D1EF5DB71B701E420082F11D /* AppDelegate.m in Sources */ = {isa = PBXBuildFile; fileRef = D1EF5DB61B701E420082F11D /* AppDelegate.m */; };
		D1EF5DBA1B701E420082F11D /* ViewController.m in Sources */ = {isa = PBXBuildFile; fileRef = D1EF5DB91B701E420082F11D /* ViewController.m */; };
		D1EF5DBF1B701E420082F11D /* Images.xcassets in Resources */ = {isa = PBXBuildFile; fileRef = D1EF5DBE1B701E420082F11D /* Images.xcassets */; };
		D1EF5DC21B701E420082F11D /* LaunchScreen.xib in Resources */ = {isa = PBXBuildFile; fileRef = D1EF5DC01B701E420082F11D /* LaunchScreen.xib */; };
		D1EF5DCE1B701E420082F11D /* InstagramAppTests.m in Sources */ = {isa = PBXBuildFile; fileRef = D1EF5DCD1B701E420082F11D /* InstagramAppTests.m */; };
		D1EF5DD81B7029A50082F11D /* AVFoundation.framework in Frameworks */ = {isa = PBXBuildFile; fileRef = D1EF5DD71B7029A50082F11D /* AVFoundation.framework */; };
/* End PBXBuildFile section */

/* Begin PBXContainerItemProxy section */
		D1EF5DC81B701E420082F11D /* PBXContainerItemProxy */ = {
			isa = PBXContainerItemProxy;
			containerPortal = D1EF5DA61B701E420082F11D /* Project object */;
			proxyType = 1;
			remoteGlobalIDString = D1EF5DAD1B701E420082F11D;
			remoteInfo = InstagramApp;
		};
/* End PBXContainerItemProxy section */

/* Begin PBXFileReference section */
		D1DEEEBB1B71438D00A5F6F3 /* ViewController1.h */ = {isa = PBXFileReference; fileEncoding = 4; lastKnownFileType = sourcecode.c.h; path = ViewController1.h; sourceTree = "<group>"; };
		D1DEEEBC1B71438D00A5F6F3 /* ViewController1.m */ = {isa = PBXFileReference; fileEncoding = 4; lastKnownFileType = sourcecode.c.objc; path = ViewController1.m; sourceTree = "<group>"; };
		D1DEEEBF1B714B9200A5F6F3 /* Base */ = {isa = PBXFileReference; lastKnownFileType = file.storyboard; name = Base; path = Base.lproj/Main.storyboard; sourceTree = "<group>"; };
		D1EF5DAE1B701E420082F11D /* InstagramApp.app */ = {isa = PBXFileReference; explicitFileType = wrapper.application; includeInIndex = 0; path = InstagramApp.app; sourceTree = BUILT_PRODUCTS_DIR; };
		D1EF5DB21B701E420082F11D /* Info.plist */ = {isa = PBXFileReference; lastKnownFileType = text.plist.xml; path = Info.plist; sourceTree = "<group>"; };
		D1EF5DB31B701E420082F11D /* main.m */ = {isa = PBXFileReference; lastKnownFileType = sourcecode.c.objc; path = main.m; sourceTree = "<group>"; };
		D1EF5DB51B701E420082F11D /* AppDelegate.h */ = {isa = PBXFileReference; lastKnownFileType = sourcecode.c.h; path = AppDelegate.h; sourceTree = "<group>"; };
		D1EF5DB61B701E420082F11D /* AppDelegate.m */ = {isa = PBXFileReference; lastKnownFileType = sourcecode.c.objc; path = AppDelegate.m; sourceTree = "<group>"; };
		D1EF5DB81B701E420082F11D /* ViewController.h */ = {isa = PBXFileReference; lastKnownFileType = sourcecode.c.h; path = ViewController.h; sourceTree = "<group>"; };
		D1EF5DB91B701E420082F11D /* ViewController.m */ = {isa = PBXFileReference; lastKnownFileType = sourcecode.c.objc; path = ViewController.m; sourceTree = "<group>"; };
		D1EF5DBE1B701E420082F11D /* Images.xcassets */ = {isa = PBXFileReference; lastKnownFileType = folder.assetcatalog; path = Images.xcassets; sourceTree = "<group>"; };
		D1EF5DC11B701E420082F11D /* Base */ = {isa = PBXFileReference; lastKnownFileType = file.xib; name = Base; path = Base.lproj/LaunchScreen.xib; sourceTree = "<group>"; };
		D1EF5DC71B701E420082F11D /* InstagramAppTests.xctest */ = {isa = PBXFileReference; explicitFileType = wrapper.cfbundle; includeInIndex = 0; path = InstagramAppTests.xctest; sourceTree = BUILT_PRODUCTS_DIR; };
		D1EF5DCC1B701E420082F11D /* Info.plist */ = {isa = PBXFileReference; lastKnownFileType = text.plist.xml; path = Info.plist; sourceTree = "<group>"; };
		D1EF5DCD1B701E420082F11D /* InstagramAppTests.m */ = {isa = PBXFileReference; lastKnownFileType = sourcecode.c.objc; path = InstagramAppTests.m; sourceTree = "<group>"; };
		D1EF5DD71B7029A50082F11D /* AVFoundation.framework */ = {isa = PBXFileReference; lastKnownFileType = wrapper.framework; name = AVFoundation.framework; path = System/Library/Frameworks/AVFoundation.framework; sourceTree = SDKROOT; };
/* End PBXFileReference section */

/* Begin PBXFrameworksBuildPhase section */
		D1EF5DAB1B701E420082F11D /* Frameworks */ = {
			isa = PBXFrameworksBuildPhase;
			buildActionMask = 2147483647;
			files = (
				D1EF5DD81B7029A50082F11D /* AVFoundation.framework in Frameworks */,
			);
			runOnlyForDeploymentPostprocessing = 0;
		};
		D1EF5DC41B701E420082F11D /* Frameworks */ = {
			isa = PBXFrameworksBuildPhase;
			buildActionMask = 2147483647;
			files = (
			);
			runOnlyForDeploymentPostprocessing = 0;
		};
/* End PBXFrameworksBuildPhase section */

/* Begin PBXGroup section */
		D1EF5DA51B701E420082F11D = {
			isa = PBXGroup;
			children = (
				D1EF5DD71B7029A50082F11D /* AVFoundation.framework */,
				D1EF5DB01B701E420082F11D /* InstagramApp */,
				D1EF5DCA1B701E420082F11D /* InstagramAppTests */,
				D1EF5DAF1B701E420082F11D /* Products */,
			);
			sourceTree = "<group>";
		};
		D1EF5DAF1B701E420082F11D /* Products */ = {
			isa = PBXGroup;
			children = (
				D1EF5DAE1B701E420082F11D /* InstagramApp.app */,
				D1EF5DC71B701E420082F11D /* InstagramAppTests.xctest */,
			);
			name = Products;
			sourceTree = "<group>";
		};
		D1EF5DB01B701E420082F11D /* InstagramApp */ = {
			isa = PBXGroup;
			children = (
				D1EF5DB51B701E420082F11D /* AppDelegate.h */,
				D1EF5DB61B701E420082F11D /* AppDelegate.m */,
				D1EF5DB81B701E420082F11D /* ViewController.h */,
				D1EF5DB91B701E420082F11D /* ViewController.m */,
				D1DEEEBE1B714B9200A5F6F3 /* Main.storyboard */,
				D1DEEEBB1B71438D00A5F6F3 /* ViewController1.h */,
				D1DEEEBC1B71438D00A5F6F3 /* ViewController1.m */,
				D1EF5DBE1B701E420082F11D /* Images.xcassets */,
				D1EF5DC01B701E420082F11D /* LaunchScreen.xib */,
				D1EF5DB11B701E420082F11D /* Supporting Files */,
			);
			path = InstagramApp;
			sourceTree = "<group>";
		};
		D1EF5DB11B701E420082F11D /* Supporting Files */ = {
			isa = PBXGroup;
			children = (
				D1EF5DB21B701E420082F11D /* Info.plist */,
				D1EF5DB31B701E420082F11D /* main.m */,
			);
			name = "Supporting Files";
			sourceTree = "<group>";
		};
		D1EF5DCA1B701E420082F11D /* InstagramAppTests */ = {
			isa = PBXGroup;
			children = (
				D1EF5DCD1B701E420082F11D /* InstagramAppTests.m */,
				D1EF5DCB1B701E420082F11D /* Supporting Files */,
			);
			path = InstagramAppTests;
			sourceTree = "<group>";
		};
		D1EF5DCB1B701E420082F11D /* Supporting Files */ = {
			isa = PBXGroup;
			children = (
				D1EF5DCC1B701E420082F11D /* Info.plist */,
			);
			name = "Supporting Files";
			sourceTree = "<group>";
		};
/* End PBXGroup section */

/* Begin PBXNativeTarget section */
		D1EF5DAD1B701E420082F11D /* InstagramApp */ = {
			isa = PBXNativeTarget;
			buildConfigurationList = D1EF5DD11B701E420082F11D /* Build configuration list for PBXNativeTarget "InstagramApp" */;
			buildPhases = (
				D1EF5DAA1B701E420082F11D /* Sources */,
				D1EF5DAB1B701E420082F11D /* Frameworks */,
				D1EF5DAC1B701E420082F11D /* Resources */,
			);
			buildRules = (
			);
			dependencies = (
			);
			name = InstagramApp;
			productName = InstagramApp;
			productReference = D1EF5DAE1B701E420082F11D /* InstagramApp.app */;
			productType = "com.apple.product-type.application";
		};
		D1EF5DC61B701E420082F11D /* InstagramAppTests */ = {
			isa = PBXNativeTarget;
			buildConfigurationList = D1EF5DD41B701E420082F11D /* Build configuration list for PBXNativeTarget "InstagramAppTests" */;
			buildPhases = (
				D1EF5DC31B701E420082F11D /* Sources */,
				D1EF5DC41B701E420082F11D /* Frameworks */,
				D1EF5DC51B701E420082F11D /* Resources */,
			);
			buildRules = (
			);
			dependencies = (
				D1EF5DC91B701E420082F11D /* PBXTargetDependency */,
			);
			name = InstagramAppTests;
			productName = InstagramAppTests;
			productReference = D1EF5DC71B701E420082F11D /* InstagramAppTests.xctest */;
			productType = "com.apple.product-type.bundle.unit-test";
		};
/* End PBXNativeTarget section */

/* Begin PBXProject section */
		D1EF5DA61B701E420082F11D /* Project object */ = {
			isa = PBXProject;
			attributes = {
				LastUpgradeCheck = 0630;
				ORGANIZATIONNAME = "Protek 2";
				TargetAttributes = {
					D1EF5DAD1B701E420082F11D = {
						CreatedOnToolsVersion = 6.3.1;
					};
					D1EF5DC61B701E420082F11D = {
						CreatedOnToolsVersion = 6.3.1;
						TestTargetID = D1EF5DAD1B701E420082F11D;
					};
				};
			};
			buildConfigurationList = D1EF5DA91B701E420082F11D /* Build configuration list for PBXProject "InstagramApp" */;
			compatibilityVersion = "Xcode 3.2";
			developmentRegion = English;
			hasScannedForEncodings = 0;
			knownRegions = (
				en,
				Base,
			);
			mainGroup = D1EF5DA51B701E420082F11D;
			productRefGroup = D1EF5DAF1B701E420082F11D /* Products */;
			projectDirPath = "";
			projectRoot = "";
			targets = (
				D1EF5DAD1B701E420082F11D /* InstagramApp */,
				D1EF5DC61B701E420082F11D /* InstagramAppTests */,
			);
		};
/* End PBXProject section */

/* Begin PBXResourcesBuildPhase section */
		D1EF5DAC1B701E420082F11D /* Resources */ = {
			isa = PBXResourcesBuildPhase;
			buildActionMask = 2147483647;
			files = (
				D1DEEEC01B714B9200A5F6F3 /* Main.storyboard in Resources */,
				D1EF5DC21B701E420082F11D /* LaunchScreen.xib in Resources */,
				D1EF5DBF1B701E420082F11D /* Images.xcassets in Resources */,
			);
			runOnlyForDeploymentPostprocessing = 0;
		};
		D1EF5DC51B701E420082F11D /* Resources */ = {
			isa = PBXResourcesBuildPhase;
			buildActionMask = 2147483647;
			files = (
			);
			runOnlyForDeploymentPostprocessing = 0;
		};
/* End PBXResourcesBuildPhase section */

/* Begin PBXSourcesBuildPhase section */
		D1EF5DAA1B701E420082F11D /* Sources */ = {
			isa = PBXSourcesBuildPhase;
			buildActionMask = 2147483647;
			files = (
				D1DEEEBD1B71438D00A5F6F3 /* ViewController1.m in Sources */,
				D1EF5DBA1B701E420082F11D /* ViewController.m in Sources */,
				D1EF5DB71B701E420082F11D /* AppDelegate.m in Sources */,
				D1EF5DB41B701E420082F11D /* main.m in Sources */,
			);
			runOnlyForDeploymentPostprocessing = 0;
		};
		D1EF5DC31B701E420082F11D /* Sources */ = {
			isa = PBXSourcesBuildPhase;
			buildActionMask = 2147483647;
			files = (
				D1EF5DCE1B701E420082F11D /* InstagramAppTests.m in Sources */,
			);
			runOnlyForDeploymentPostprocessing = 0;
		};
/* End PBXSourcesBuildPhase section */

/* Begin PBXTargetDependency section */
		D1EF5DC91B701E420082F11D /* PBXTargetDependency */ = {
			isa = PBXTargetDependency;
			target = D1EF5DAD1B701E420082F11D /* InstagramApp */;
			targetProxy = D1EF5DC81B701E420082F11D /* PBXContainerItemProxy */;
		};
/* End PBXTargetDependency section */

/* Begin PBXVariantGroup section */
		D1DEEEBE1B714B9200A5F6F3 /* Main.storyboard */ = {
			isa = PBXVariantGroup;
			children = (
				D1DEEEBF1B714B9200A5F6F3 /* Base */,
			);
			name = Main.storyboard;
			sourceTree = "<group>";
		};
		D1EF5DC01B701E420082F11D /* LaunchScreen.xib */ = {
			isa = PBXVariantGroup;
			children = (
				D1EF5DC11B701E420082F11D /* Base */,
			);
			name = LaunchScreen.xib;
			sourceTree = "<group>";
		};
/* End PBXVariantGroup section */

/* Begin XCBuildConfiguration section */
		D1EF5DCF1B701E420082F11D /* Debug */ = {
			isa = XCBuildConfiguration;
			buildSettings = {
				ALWAYS_SEARCH_USER_PATHS = NO;
				CLANG_CXX_LANGUAGE_STANDARD = "gnu++0x";
				CLANG_CXX_LIBRARY = "libc++";
				CLANG_ENABLE_MODULES = YES;
				CLANG_ENABLE_OBJC_ARC = YES;
				CLANG_WARN_BOOL_CONVERSION = YES;
				CLANG_WARN_CONSTANT_CONVERSION = YES;
				CLANG_WARN_DIRECT_OBJC_ISA_USAGE = YES_ERROR;
				CLANG_WARN_EMPTY_BODY = YES;
				CLANG_WARN_ENUM_CONVERSION = YES;
				CLANG_WARN_INT_CONVERSION = YES;
				CLANG_WARN_OBJC_ROOT_CLASS = YES_ERROR;
				CLANG_WARN_UNREACHABLE_CODE = YES;
				CLANG_WARN__DUPLICATE_METHOD_MATCH = YES;
				"CODE_SIGN_IDENTITY[sdk=iphoneos*]" = "iPhone Developer";
				COPY_PHASE_STRIP = NO;
				DEBUG_INFORMATION_FORMAT = "dwarf-with-dsym";
				ENABLE_STRICT_OBJC_MSGSEND = YES;
				GCC_C_LANGUAGE_STANDARD = gnu99;
				GCC_DYNAMIC_NO_PIC = NO;
				GCC_NO_COMMON_BLOCKS = YES;
				GCC_OPTIMIZATION_LEVEL = 0;
				GCC_PREPROCESSOR_DEFINITIONS = (
					"DEBUG=1",
					"$(inherited)",
				);
				GCC_SYMBOLS_PRIVATE_EXTERN = NO;
				GCC_WARN_64_TO_32_BIT_CONVERSION = YES;
				GCC_WARN_ABOUT_RETURN_TYPE = YES_ERROR;
				GCC_WARN_UNDECLARED_SELECTOR = YES;
				GCC_WARN_UNINITIALIZED_AUTOS = YES_AGGRESSIVE;
				GCC_WARN_UNUSED_FUNCTION = YES;
				GCC_WARN_UNUSED_VARIABLE = YES;
				IPHONEOS_DEPLOYMENT_TARGET = 8.3;
				MTL_ENABLE_DEBUG_INFO = YES;
				ONLY_ACTIVE_ARCH = YES;
				SDKROOT = iphoneos;
			};
			name = Debug;
		};
		D1EF5DD01B701E420082F11D /* Release */ = {
			isa = XCBuildConfiguration;
			buildSettings = {
				ALWAYS_SEARCH_USER_PATHS = NO;
				CLANG_CXX_LANGUAGE_STANDARD = "gnu++0x";
				CLANG_CXX_LIBRARY = "libc++";
				CLANG_ENABLE_MODULES = YES;
				CLANG_ENABLE_OBJC_ARC = YES;
				CLANG_WARN_BOOL_CONVERSION = YES;
				CLANG_WARN_CONSTANT_CONVERSION = YES;
				CLANG_WARN_DIRECT_OBJC_ISA_USAGE = YES_ERROR;
				CLANG_WARN_EMPTY_BODY = YES;
				CLANG_WARN_ENUM_CONVERSION = YES;
				CLANG_WARN_INT_CONVERSION = YES;
				CLANG_WARN_OBJC_ROOT_CLASS = YES_ERROR;
				CLANG_WARN_UNREACHABLE_CODE = YES;
				CLANG_WARN__DUPLICATE_METHOD_MATCH = YES;
				"CODE_SIGN_IDENTITY[sdk=iphoneos*]" = "iPhone Developer";
				COPY_PHASE_STRIP = NO;
				DEBUG_INFORMATION_FORMAT = "dwarf-with-dsym";
				ENABLE_NS_ASSERTIONS = NO;
				ENABLE_STRICT_OBJC_MSGSEND = YES;
				GCC_C_LANGUAGE_STANDARD = gnu99;
				GCC_NO_COMMON_BLOCKS = YES;
				GCC_WARN_64_TO_32_BIT_CONVERSION = YES;
				GCC_WARN_ABOUT_RETURN_TYPE = YES_ERROR;
				GCC_WARN_UNDECLARED_SELECTOR = YES;
				GCC_WARN_UNINITIALIZED_AUTOS = YES_AGGRESSIVE;
				GCC_WARN_UNUSED_FUNCTION = YES;
				GCC_WARN_UNUSED_VARIABLE = YES;
				IPHONEOS_DEPLOYMENT_TARGET = 8.3;
				MTL_ENABLE_DEBUG_INFO = NO;
				SDKROOT = iphoneos;
				VALIDATE_PRODUCT = YES;
			};
			name = Release;
		};
		D1EF5DD21B701E420082F11D /* Debug */ = {
			isa = XCBuildConfiguration;
			buildSettings = {
				ASSETCATALOG_COMPILER_APPICON_NAME = AppIcon;
				INFOPLIST_FILE = InstagramApp/Info.plist;
				LD_RUNPATH_SEARCH_PATHS = "$(inherited) @executable_path/Frameworks";
				PRODUCT_NAME = "$(TARGET_NAME)";
			};
			name = Debug;
		};
		D1EF5DD31B701E420082F11D /* Release */ = {
			isa = XCBuildConfiguration;
			buildSettings = {
				ASSETCATALOG_COMPILER_APPICON_NAME = AppIcon;
				INFOPLIST_FILE = InstagramApp/Info.plist;
				LD_RUNPATH_SEARCH_PATHS = "$(inherited) @executable_path/Frameworks";
				PRODUCT_NAME = "$(TARGET_NAME)";
			};
			name = Release;
		};
		D1EF5DD51B701E420082F11D /* Debug */ = {
			isa = XCBuildConfiguration;
			buildSettings = {
				BUNDLE_LOADER = "$(TEST_HOST)";
				FRAMEWORK_SEARCH_PATHS = (
					"$(SDKROOT)/Developer/Library/Frameworks",
					"$(inherited)",
				);
				GCC_PREPROCESSOR_DEFINITIONS = (
					"DEBUG=1",
					"$(inherited)",
				);
				INFOPLIST_FILE = InstagramAppTests/Info.plist;
				LD_RUNPATH_SEARCH_PATHS = "$(inherited) @executable_path/Frameworks @loader_path/Frameworks";
				PRODUCT_NAME = "$(TARGET_NAME)";
				TEST_HOST = "$(BUILT_PRODUCTS_DIR)/InstagramApp.app/InstagramApp";
			};
			name = Debug;
		};
		D1EF5DD61B701E420082F11D /* Release */ = {
			isa = XCBuildConfiguration;
			buildSettings = {
				BUNDLE_LOADER = "$(TEST_HOST)";
				FRAMEWORK_SEARCH_PATHS = (
					"$(SDKROOT)/Developer/Library/Frameworks",
					"$(inherited)",
				);
				INFOPLIST_FILE = InstagramAppTests/Info.plist;
				LD_RUNPATH_SEARCH_PATHS = "$(inherited) @executable_path/Frameworks @loader_path/Frameworks";
				PRODUCT_NAME = "$(TARGET_NAME)";
				TEST_HOST = "$(BUILT_PRODUCTS_DIR)/InstagramApp.app/InstagramApp";
			};
			name = Release;
		};
/* End XCBuildConfiguration section */

/* Begin XCConfigurationList section */
		D1EF5DA91B701E420082F11D /* Build configuration list for PBXProject "InstagramApp" */ = {
			isa = XCConfigurationList;
			buildConfigurations = (
				D1EF5DCF1B701E420082F11D /* Debug */,
				D1EF5DD01B701E420082F11D /* Release */,
			);
			defaultConfigurationIsVisible = 0;
			defaultConfigurationName = Release;
		};
		D1EF5DD11B701E420082F11D /* Build configuration list for PBXNativeTarget "InstagramApp" */ = {
			isa = XCConfigurationList;
			buildConfigurations = (
				D1EF5DD21B701E420082F11D /* Debug */,
				D1EF5DD31B701E420082F11D /* Release */,
			);
			defaultConfigurationIsVisible = 0;
			defaultConfigurationName = Release;
		};
		D1EF5DD41B701E420082F11D /* Build configuration list for PBXNativeTarget "InstagramAppTests" */ = {
			isa = XCConfigurationList;
			buildConfigurations = (
				D1EF5DD51B701E420082F11D /* Debug */,
				D1EF5DD61B701E420082F11D /* Release */,
			);
			defaultConfigurationIsVisible = 0;
			defaultConfigurationName = Release;
		};
/* End XCConfigurationList section */
	};
	rootObject = D1EF5DA61B701E420082F11D /* Project object */;
}
