// !$*UTF8*$!
{
	archiveVersion = 1;
	classes = {
	};
	objectVersion = 46;
	objects = {

/* Begin PBXBuildFile section */
		D13FB9E21B695C3A00BF5CE3 /* main.m in Sources */ = {isa = PBXBuildFile; fileRef = D13FB9E11B695C3A00BF5CE3 /* main.m */; };
		D13FB9E51B695C3A00BF5CE3 /* AppDelegate.m in Sources */ = {isa = PBXBuildFile; fileRef = D13FB9E41B695C3A00BF5CE3 /* AppDelegate.m */; };
		D13FB9E81B695C3A00BF5CE3 /* ViewController.m in Sources */ = {isa = PBXBuildFile; fileRef = D13FB9E71B695C3A00BF5CE3 /* ViewController.m */; };
		D13FB9ED1B695C3A00BF5CE3 /* Images.xcassets in Resources */ = {isa = PBXBuildFile; fileRef = D13FB9EC1B695C3A00BF5CE3 /* Images.xcassets */; };
		D13FB9F01B695C3A00BF5CE3 /* LaunchScreen.xib in Resources */ = {isa = PBXBuildFile; fileRef = D13FB9EE1B695C3A00BF5CE3 /* LaunchScreen.xib */; };
		D13FB9FC1B695C3A00BF5CE3 /* IOSTestTests.m in Sources */ = {isa = PBXBuildFile; fileRef = D13FB9FB1B695C3A00BF5CE3 /* IOSTestTests.m */; };
		D13FBA071B695C9300BF5CE3 /* CollectionViewController.m in Sources */ = {isa = PBXBuildFile; fileRef = D13FBA061B695C9300BF5CE3 /* CollectionViewController.m */; };
		D13FBA091B69699400BF5CE3 /* images.jpeg in Resources */ = {isa = PBXBuildFile; fileRef = D13FBA081B69699400BF5CE3 /* images.jpeg */; };
		D1EA27F71B6AA69D00BDC15A /* Main.storyboard in Resources */ = {isa = PBXBuildFile; fileRef = D1EA27F61B6AA69D00BDC15A /* Main.storyboard */; };
/* End PBXBuildFile section */

/* Begin PBXContainerItemProxy section */
		D13FB9F61B695C3A00BF5CE3 /* PBXContainerItemProxy */ = {
			isa = PBXContainerItemProxy;
			containerPortal = D13FB9D41B695C3900BF5CE3 /* Project object */;
			proxyType = 1;
			remoteGlobalIDString = D13FB9DB1B695C3A00BF5CE3;
			remoteInfo = IOSTest;
		};
/* End PBXContainerItemProxy section */

/* Begin PBXFileReference section */
		D13FB9DC1B695C3A00BF5CE3 /* IOSTest.app */ = {isa = PBXFileReference; explicitFileType = wrapper.application; includeInIndex = 0; path = IOSTest.app; sourceTree = BUILT_PRODUCTS_DIR; };
		D13FB9E01B695C3A00BF5CE3 /* Info.plist */ = {isa = PBXFileReference; lastKnownFileType = text.plist.xml; path = Info.plist; sourceTree = "<group>"; };
		D13FB9E11B695C3A00BF5CE3 /* main.m */ = {isa = PBXFileReference; lastKnownFileType = sourcecode.c.objc; path = main.m; sourceTree = "<group>"; };
		D13FB9E31B695C3A00BF5CE3 /* AppDelegate.h */ = {isa = PBXFileReference; lastKnownFileType = sourcecode.c.h; path = AppDelegate.h; sourceTree = "<group>"; };
		D13FB9E41B695C3A00BF5CE3 /* AppDelegate.m */ = {isa = PBXFileReference; lastKnownFileType = sourcecode.c.objc; path = AppDelegate.m; sourceTree = "<group>"; };
		D13FB9E61B695C3A00BF5CE3 /* ViewController.h */ = {isa = PBXFileReference; lastKnownFileType = sourcecode.c.h; path = ViewController.h; sourceTree = "<group>"; };
		D13FB9E71B695C3A00BF5CE3 /* ViewController.m */ = {isa = PBXFileReference; lastKnownFileType = sourcecode.c.objc; path = ViewController.m; sourceTree = "<group>"; };
		D13FB9EC1B695C3A00BF5CE3 /* Images.xcassets */ = {isa = PBXFileReference; lastKnownFileType = folder.assetcatalog; path = Images.xcassets; sourceTree = "<group>"; };
		D13FB9EF1B695C3A00BF5CE3 /* Base */ = {isa = PBXFileReference; lastKnownFileType = file.xib; name = Base; path = Base.lproj/LaunchScreen.xib; sourceTree = "<group>"; };
		D13FB9F51B695C3A00BF5CE3 /* IOSTestTests.xctest */ = {isa = PBXFileReference; explicitFileType = wrapper.cfbundle; includeInIndex = 0; path = IOSTestTests.xctest; sourceTree = BUILT_PRODUCTS_DIR; };
		D13FB9FA1B695C3A00BF5CE3 /* Info.plist */ = {isa = PBXFileReference; lastKnownFileType = text.plist.xml; path = Info.plist; sourceTree = "<group>"; };
		D13FB9FB1B695C3A00BF5CE3 /* IOSTestTests.m */ = {isa = PBXFileReference; lastKnownFileType = sourcecode.c.objc; path = IOSTestTests.m; sourceTree = "<group>"; };
		D13FBA051B695C9300BF5CE3 /* CollectionViewController.h */ = {isa = PBXFileReference; fileEncoding = 4; lastKnownFileType = sourcecode.c.h; path = CollectionViewController.h; sourceTree = "<group>"; };
		D13FBA061B695C9300BF5CE3 /* CollectionViewController.m */ = {isa = PBXFileReference; fileEncoding = 4; lastKnownFileType = sourcecode.c.objc; path = CollectionViewController.m; sourceTree = "<group>"; };
		D13FBA081B69699400BF5CE3 /* images.jpeg */ = {isa = PBXFileReference; lastKnownFileType = image.jpeg; path = images.jpeg; sourceTree = "<group>"; };
		D1EA27F61B6AA69D00BDC15A /* Main.storyboard */ = {isa = PBXFileReference; fileEncoding = 4; lastKnownFileType = file.storyboard; path = Main.storyboard; sourceTree = "<group>"; };
/* End PBXFileReference section */

/* Begin PBXFrameworksBuildPhase section */
		D13FB9D91B695C3A00BF5CE3 /* Frameworks */ = {
			isa = PBXFrameworksBuildPhase;
			buildActionMask = 2147483647;
			files = (
			);
			runOnlyForDeploymentPostprocessing = 0;
		};
		D13FB9F21B695C3A00BF5CE3 /* Frameworks */ = {
			isa = PBXFrameworksBuildPhase;
			buildActionMask = 2147483647;
			files = (
			);
			runOnlyForDeploymentPostprocessing = 0;
		};
/* End PBXFrameworksBuildPhase section */

/* Begin PBXGroup section */
		D13FB9D31B695C3900BF5CE3 = {
			isa = PBXGroup;
			children = (
				D13FB9DE1B695C3A00BF5CE3 /* IOSTest */,
				D13FB9F81B695C3A00BF5CE3 /* IOSTestTests */,
				D13FB9DD1B695C3A00BF5CE3 /* Products */,
			);
			sourceTree = "<group>";
		};
		D13FB9DD1B695C3A00BF5CE3 /* Products */ = {
			isa = PBXGroup;
			children = (
				D13FB9DC1B695C3A00BF5CE3 /* IOSTest.app */,
				D13FB9F51B695C3A00BF5CE3 /* IOSTestTests.xctest */,
			);
			name = Products;
			sourceTree = "<group>";
		};
		D13FB9DE1B695C3A00BF5CE3 /* IOSTest */ = {
			isa = PBXGroup;
			children = (
				D13FB9E31B695C3A00BF5CE3 /* AppDelegate.h */,
				D13FB9E41B695C3A00BF5CE3 /* AppDelegate.m */,
				D13FB9E61B695C3A00BF5CE3 /* ViewController.h */,
				D13FB9E71B695C3A00BF5CE3 /* ViewController.m */,
				D13FBA051B695C9300BF5CE3 /* CollectionViewController.h */,
				D13FBA061B695C9300BF5CE3 /* CollectionViewController.m */,
				D1EA27F61B6AA69D00BDC15A /* Main.storyboard */,
				D13FB9EC1B695C3A00BF5CE3 /* Images.xcassets */,
				D13FB9EE1B695C3A00BF5CE3 /* LaunchScreen.xib */,
				D13FB9DF1B695C3A00BF5CE3 /* Supporting Files */,
			);
			path = IOSTest;
			sourceTree = "<group>";
		};
		D13FB9DF1B695C3A00BF5CE3 /* Supporting Files */ = {
			isa = PBXGroup;
			children = (
				D13FBA081B69699400BF5CE3 /* images.jpeg */,
				D13FB9E01B695C3A00BF5CE3 /* Info.plist */,
				D13FB9E11B695C3A00BF5CE3 /* main.m */,
			);
			name = "Supporting Files";
			sourceTree = "<group>";
		};
		D13FB9F81B695C3A00BF5CE3 /* IOSTestTests */ = {
			isa = PBXGroup;
			children = (
				D13FB9FB1B695C3A00BF5CE3 /* IOSTestTests.m */,
				D13FB9F91B695C3A00BF5CE3 /* Supporting Files */,
			);
			path = IOSTestTests;
			sourceTree = "<group>";
		};
		D13FB9F91B695C3A00BF5CE3 /* Supporting Files */ = {
			isa = PBXGroup;
			children = (
				D13FB9FA1B695C3A00BF5CE3 /* Info.plist */,
			);
			name = "Supporting Files";
			sourceTree = "<group>";
		};
/* End PBXGroup section */

/* Begin PBXNativeTarget section */
		D13FB9DB1B695C3A00BF5CE3 /* IOSTest */ = {
			isa = PBXNativeTarget;
			buildConfigurationList = D13FB9FF1B695C3A00BF5CE3 /* Build configuration list for PBXNativeTarget "IOSTest" */;
			buildPhases = (
				D13FB9D81B695C3A00BF5CE3 /* Sources */,
				D13FB9D91B695C3A00BF5CE3 /* Frameworks */,
				D13FB9DA1B695C3A00BF5CE3 /* Resources */,
			);
			buildRules = (
			);
			dependencies = (
			);
			name = IOSTest;
			productName = IOSTest;
			productReference = D13FB9DC1B695C3A00BF5CE3 /* IOSTest.app */;
			productType = "com.apple.product-type.application";
		};
		D13FB9F41B695C3A00BF5CE3 /* IOSTestTests */ = {
			isa = PBXNativeTarget;
			buildConfigurationList = D13FBA021B695C3A00BF5CE3 /* Build configuration list for PBXNativeTarget "IOSTestTests" */;
			buildPhases = (
				D13FB9F11B695C3A00BF5CE3 /* Sources */,
				D13FB9F21B695C3A00BF5CE3 /* Frameworks */,
				D13FB9F31B695C3A00BF5CE3 /* Resources */,
			);
			buildRules = (
			);
			dependencies = (
				D13FB9F71B695C3A00BF5CE3 /* PBXTargetDependency */,
			);
			name = IOSTestTests;
			productName = IOSTestTests;
			productReference = D13FB9F51B695C3A00BF5CE3 /* IOSTestTests.xctest */;
			productType = "com.apple.product-type.bundle.unit-test";
		};
/* End PBXNativeTarget section */

/* Begin PBXProject section */
		D13FB9D41B695C3900BF5CE3 /* Project object */ = {
			isa = PBXProject;
			attributes = {
				LastUpgradeCheck = 0630;
				ORGANIZATIONNAME = "Protek 2";
				TargetAttributes = {
					D13FB9DB1B695C3A00BF5CE3 = {
						CreatedOnToolsVersion = 6.3.1;
					};
					D13FB9F41B695C3A00BF5CE3 = {
						CreatedOnToolsVersion = 6.3.1;
						TestTargetID = D13FB9DB1B695C3A00BF5CE3;
					};
				};
			};
			buildConfigurationList = D13FB9D71B695C3900BF5CE3 /* Build configuration list for PBXProject "IOSTest" */;
			compatibilityVersion = "Xcode 3.2";
			developmentRegion = English;
			hasScannedForEncodings = 0;
			knownRegions = (
				en,
				Base,
			);
			mainGroup = D13FB9D31B695C3900BF5CE3;
			productRefGroup = D13FB9DD1B695C3A00BF5CE3 /* Products */;
			projectDirPath = "";
			projectRoot = "";
			targets = (
				D13FB9DB1B695C3A00BF5CE3 /* IOSTest */,
				D13FB9F41B695C3A00BF5CE3 /* IOSTestTests */,
			);
		};
/* End PBXProject section */

/* Begin PBXResourcesBuildPhase section */
		D13FB9DA1B695C3A00BF5CE3 /* Resources */ = {
			isa = PBXResourcesBuildPhase;
			buildActionMask = 2147483647;
			files = (
				D13FBA091B69699400BF5CE3 /* images.jpeg in Resources */,
				D13FB9F01B695C3A00BF5CE3 /* LaunchScreen.xib in Resources */,
				D13FB9ED1B695C3A00BF5CE3 /* Images.xcassets in Resources */,
				D1EA27F71B6AA69D00BDC15A /* Main.storyboard in Resources */,
			);
			runOnlyForDeploymentPostprocessing = 0;
		};
		D13FB9F31B695C3A00BF5CE3 /* Resources */ = {
			isa = PBXResourcesBuildPhase;
			buildActionMask = 2147483647;
			files = (
			);
			runOnlyForDeploymentPostprocessing = 0;
		};
/* End PBXResourcesBuildPhase section */

/* Begin PBXSourcesBuildPhase section */
		D13FB9D81B695C3A00BF5CE3 /* Sources */ = {
			isa = PBXSourcesBuildPhase;
			buildActionMask = 2147483647;
			files = (
				D13FBA071B695C9300BF5CE3 /* CollectionViewController.m in Sources */,
				D13FB9E81B695C3A00BF5CE3 /* ViewController.m in Sources */,
				D13FB9E51B695C3A00BF5CE3 /* AppDelegate.m in Sources */,
				D13FB9E21B695C3A00BF5CE3 /* main.m in Sources */,
			);
			runOnlyForDeploymentPostprocessing = 0;
		};
		D13FB9F11B695C3A00BF5CE3 /* Sources */ = {
			isa = PBXSourcesBuildPhase;
			buildActionMask = 2147483647;
			files = (
				D13FB9FC1B695C3A00BF5CE3 /* IOSTestTests.m in Sources */,
			);
			runOnlyForDeploymentPostprocessing = 0;
		};
/* End PBXSourcesBuildPhase section */

/* Begin PBXTargetDependency section */
		D13FB9F71B695C3A00BF5CE3 /* PBXTargetDependency */ = {
			isa = PBXTargetDependency;
			target = D13FB9DB1B695C3A00BF5CE3 /* IOSTest */;
			targetProxy = D13FB9F61B695C3A00BF5CE3 /* PBXContainerItemProxy */;
		};
/* End PBXTargetDependency section */

/* Begin PBXVariantGroup section */
		D13FB9EE1B695C3A00BF5CE3 /* LaunchScreen.xib */ = {
			isa = PBXVariantGroup;
			children = (
				D13FB9EF1B695C3A00BF5CE3 /* Base */,
			);
			name = LaunchScreen.xib;
			sourceTree = "<group>";
		};
/* End PBXVariantGroup section */

/* Begin XCBuildConfiguration section */
		D13FB9FD1B695C3A00BF5CE3 /* Debug */ = {
			isa = XCBuildConfiguration;
			buildSettings = {
				ALWAYS_SEARCH_USER_PATHS = NO;
				CLANG_CXX_LANGUAGE_STANDARD = "gnu++0x";
				CLANG_CXX_LIBRARY = "libc++";
				CLANG_ENABLE_MODULES = YES;
				CLANG_ENABLE_OBJC_ARC = YES;
				CLANG_WARN_BOOL_CONVERSION = YES;
				CLANG_WARN_CONSTANT_CONVERSION = YES;
				CLANG_WARN_DIRECT_OBJC_ISA_USAGE = YES_ERROR;
				CLANG_WARN_EMPTY_BODY = YES;
				CLANG_WARN_ENUM_CONVERSION = YES;
				CLANG_WARN_INT_CONVERSION = YES;
				CLANG_WARN_OBJC_ROOT_CLASS = YES_ERROR;
				CLANG_WARN_UNREACHABLE_CODE = YES;
				CLANG_WARN__DUPLICATE_METHOD_MATCH = YES;
				"CODE_SIGN_IDENTITY[sdk=iphoneos*]" = "iPhone Developer";
				COPY_PHASE_STRIP = NO;
				DEBUG_INFORMATION_FORMAT = "dwarf-with-dsym";
				ENABLE_STRICT_OBJC_MSGSEND = YES;
				GCC_C_LANGUAGE_STANDARD = gnu99;
				GCC_DYNAMIC_NO_PIC = NO;
				GCC_NO_COMMON_BLOCKS = YES;
				GCC_OPTIMIZATION_LEVEL = 0;
				GCC_PREPROCESSOR_DEFINITIONS = (
					"DEBUG=1",
					"$(inherited)",
				);
				GCC_SYMBOLS_PRIVATE_EXTERN = NO;
				GCC_WARN_64_TO_32_BIT_CONVERSION = YES;
				GCC_WARN_ABOUT_RETURN_TYPE = YES_ERROR;
				GCC_WARN_UNDECLARED_SELECTOR = YES;
				GCC_WARN_UNINITIALIZED_AUTOS = YES_AGGRESSIVE;
				GCC_WARN_UNUSED_FUNCTION = YES;
				GCC_WARN_UNUSED_VARIABLE = YES;
				IPHONEOS_DEPLOYMENT_TARGET = 8.3;
				MTL_ENABLE_DEBUG_INFO = YES;
				ONLY_ACTIVE_ARCH = YES;
				SDKROOT = iphoneos;
			};
			name = Debug;
		};
		D13FB9FE1B695C3A00BF5CE3 /* Release */ = {
			isa = XCBuildConfiguration;
			buildSettings = {
				ALWAYS_SEARCH_USER_PATHS = NO;
				CLANG_CXX_LANGUAGE_STANDARD = "gnu++0x";
				CLANG_CXX_LIBRARY = "libc++";
				CLANG_ENABLE_MODULES = YES;
				CLANG_ENABLE_OBJC_ARC = YES;
				CLANG_WARN_BOOL_CONVERSION = YES;
				CLANG_WARN_CONSTANT_CONVERSION = YES;
				CLANG_WARN_DIRECT_OBJC_ISA_USAGE = YES_ERROR;
				CLANG_WARN_EMPTY_BODY = YES;
				CLANG_WARN_ENUM_CONVERSION = YES;
				CLANG_WARN_INT_CONVERSION = YES;
				CLANG_WARN_OBJC_ROOT_CLASS = YES_ERROR;
				CLANG_WARN_UNREACHABLE_CODE = YES;
				CLANG_WARN__DUPLICATE_METHOD_MATCH = YES;
				"CODE_SIGN_IDENTITY[sdk=iphoneos*]" = "iPhone Developer";
				COPY_PHASE_STRIP = NO;
				DEBUG_INFORMATION_FORMAT = "dwarf-with-dsym";
				ENABLE_NS_ASSERTIONS = NO;
				ENABLE_STRICT_OBJC_MSGSEND = YES;
				GCC_C_LANGUAGE_STANDARD = gnu99;
				GCC_NO_COMMON_BLOCKS = YES;
				GCC_WARN_64_TO_32_BIT_CONVERSION = YES;
				GCC_WARN_ABOUT_RETURN_TYPE = YES_ERROR;
				GCC_WARN_UNDECLARED_SELECTOR = YES;
				GCC_WARN_UNINITIALIZED_AUTOS = YES_AGGRESSIVE;
				GCC_WARN_UNUSED_FUNCTION = YES;
				GCC_WARN_UNUSED_VARIABLE = YES;
				IPHONEOS_DEPLOYMENT_TARGET = 8.3;
				MTL_ENABLE_DEBUG_INFO = NO;
				SDKROOT = iphoneos;
				VALIDATE_PRODUCT = YES;
			};
			name = Release;
		};
		D13FBA001B695C3A00BF5CE3 /* Debug */ = {
			isa = XCBuildConfiguration;
			buildSettings = {
				ASSETCATALOG_COMPILER_APPICON_NAME = AppIcon;
				INFOPLIST_FILE = IOSTest/Info.plist;
				LD_RUNPATH_SEARCH_PATHS = "$(inherited) @executable_path/Frameworks";
				PRODUCT_NAME = "$(TARGET_NAME)";
			};
			name = Debug;
		};
		D13FBA011B695C3A00BF5CE3 /* Release */ = {
			isa = XCBuildConfiguration;
			buildSettings = {
				ASSETCATALOG_COMPILER_APPICON_NAME = AppIcon;
				INFOPLIST_FILE = IOSTest/Info.plist;
				LD_RUNPATH_SEARCH_PATHS = "$(inherited) @executable_path/Frameworks";
				PRODUCT_NAME = "$(TARGET_NAME)";
			};
			name = Release;
		};
		D13FBA031B695C3A00BF5CE3 /* Debug */ = {
			isa = XCBuildConfiguration;
			buildSettings = {
				BUNDLE_LOADER = "$(TEST_HOST)";
				FRAMEWORK_SEARCH_PATHS = (
					"$(SDKROOT)/Developer/Library/Frameworks",
					"$(inherited)",
				);
				GCC_PREPROCESSOR_DEFINITIONS = (
					"DEBUG=1",
					"$(inherited)",
				);
				INFOPLIST_FILE = IOSTestTests/Info.plist;
				LD_RUNPATH_SEARCH_PATHS = "$(inherited) @executable_path/Frameworks @loader_path/Frameworks";
				PRODUCT_NAME = "$(TARGET_NAME)";
				TEST_HOST = "$(BUILT_PRODUCTS_DIR)/IOSTest.app/IOSTest";
			};
			name = Debug;
		};
		D13FBA041B695C3A00BF5CE3 /* Release */ = {
			isa = XCBuildConfiguration;
			buildSettings = {
				BUNDLE_LOADER = "$(TEST_HOST)";
				FRAMEWORK_SEARCH_PATHS = (
					"$(SDKROOT)/Developer/Library/Frameworks",
					"$(inherited)",
				);
				INFOPLIST_FILE = IOSTestTests/Info.plist;
				LD_RUNPATH_SEARCH_PATHS = "$(inherited) @executable_path/Frameworks @loader_path/Frameworks";
				PRODUCT_NAME = "$(TARGET_NAME)";
				TEST_HOST = "$(BUILT_PRODUCTS_DIR)/IOSTest.app/IOSTest";
			};
			name = Release;
		};
/* End XCBuildConfiguration section */

/* Begin XCConfigurationList section */
		D13FB9D71B695C3900BF5CE3 /* Build configuration list for PBXProject "IOSTest" */ = {
			isa = XCConfigurationList;
			buildConfigurations = (
				D13FB9FD1B695C3A00BF5CE3 /* Debug */,
				D13FB9FE1B695C3A00BF5CE3 /* Release */,
			);
			defaultConfigurationIsVisible = 0;
			defaultConfigurationName = Release;
		};
		D13FB9FF1B695C3A00BF5CE3 /* Build configuration list for PBXNativeTarget "IOSTest" */ = {
			isa = XCConfigurationList;
			buildConfigurations = (
				D13FBA001B695C3A00BF5CE3 /* Debug */,
				D13FBA011B695C3A00BF5CE3 /* Release */,
			);
			defaultConfigurationIsVisible = 0;
			defaultConfigurationName = Release;
		};
		D13FBA021B695C3A00BF5CE3 /* Build configuration list for PBXNativeTarget "IOSTestTests" */ = {
			isa = XCConfigurationList;
			buildConfigurations = (
				D13FBA031B695C3A00BF5CE3 /* Debug */,
				D13FBA041B695C3A00BF5CE3 /* Release */,
			);
			defaultConfigurationIsVisible = 0;
			defaultConfigurationName = Release;
		};
/* End XCConfigurationList section */
	};
	rootObject = D13FB9D41B695C3900BF5CE3 /* Project object */;
}
